// !$*UTF8*$!
{
	archiveVersion = 1;
	classes = {
	};
	objectVersion = 77;
	objects = {

/* Begin PBXBuildFile section */
		0D42889D2DFEF8FD006EB25C /* KakaoSDK in Frameworks */ = {isa = PBXBuildFile; productRef = 0D42889C2DFEF8FD006EB25C /* KakaoSDK */; };
		0D42889F2DFEF8FD006EB25C /* KakaoSDKAuth in Frameworks */ = {isa = PBXBuildFile; productRef = 0D42889E2DFEF8FD006EB25C /* KakaoSDKAuth */; };
		0D4288A12DFEF8FD006EB25C /* KakaoSDKCommon in Frameworks */ = {isa = PBXBuildFile; productRef = 0D4288A02DFEF8FD006EB25C /* KakaoSDKCommon */; };
		0D4288A32DFEF8FD006EB25C /* KakaoSDKUser in Frameworks */ = {isa = PBXBuildFile; productRef = 0D4288A22DFEF8FD006EB25C /* KakaoSDKUser */; };
		ED11842E2DFECC3500ECC6DD /* Lottie in Frameworks */ = {isa = PBXBuildFile; productRef = ED11842D2DFECC3500ECC6DD /* Lottie */; };
		ED6AD6B62DF1AA9A004E23D4 /* FirebaseAnalytics in Frameworks */ = {isa = PBXBuildFile; productRef = ED6AD6B52DF1AA9A004E23D4 /* FirebaseAnalytics */; };
		ED6AD6B82DF1AA9A004E23D4 /* FirebaseAuth in Frameworks */ = {isa = PBXBuildFile; productRef = ED6AD6B72DF1AA9A004E23D4 /* FirebaseAuth */; };
		ED6AD6BA2DF1AA9A004E23D4 /* FirebaseCore in Frameworks */ = {isa = PBXBuildFile; productRef = ED6AD6B92DF1AA9A004E23D4 /* FirebaseCore */; };
		ED6AD6BC2DF1AA9A004E23D4 /* FirebaseFirestore in Frameworks */ = {isa = PBXBuildFile; productRef = ED6AD6BB2DF1AA9A004E23D4 /* FirebaseFirestore */; };
		EDC669B42DF9A27600E5BE4C /* RxCoreLocation in Frameworks */ = {isa = PBXBuildFile; productRef = EDC669B32DF9A27600E5BE4C /* RxCoreLocation */; };
		EDDA5CCB2DFB189E005D0F91 /* GoogleSignIn in Frameworks */ = {isa = PBXBuildFile; productRef = EDDA5CCA2DFB189E005D0F91 /* GoogleSignIn */; };
		F6DABEA32DF08E2500FBEBC7 /* RxCocoa in Frameworks */ = {isa = PBXBuildFile; productRef = F6DABEA22DF08E2500FBEBC7 /* RxCocoa */; };
		F6DABEA52DF08E2500FBEBC7 /* RxRelay in Frameworks */ = {isa = PBXBuildFile; productRef = F6DABEA42DF08E2500FBEBC7 /* RxRelay */; };
		F6DABEA72DF08E2500FBEBC7 /* RxSwift in Frameworks */ = {isa = PBXBuildFile; productRef = F6DABEA62DF08E2500FBEBC7 /* RxSwift */; };
		F6DAC1F02DF17CF800FBEBC7 /* SnapKit in Frameworks */ = {isa = PBXBuildFile; productRef = F6DAC1EF2DF17CF800FBEBC7 /* SnapKit */; };
/* End PBXBuildFile section */

/* Begin PBXFileReference section */
		F6F3B9CE2DEF095800FA2815 /* FitMate.app */ = {isa = PBXFileReference; explicitFileType = wrapper.application; includeInIndex = 0; path = FitMate.app; sourceTree = BUILT_PRODUCTS_DIR; };
/* End PBXFileReference section */

/* Begin PBXFileSystemSynchronizedBuildFileExceptionSet section */
		F6F3B9E02DEF095A00FA2815 /* Exceptions for "FitMate" folder in "FitMate" target */ = {
			isa = PBXFileSystemSynchronizedBuildFileExceptionSet;
			membershipExceptions = (
				Resources/Info.plist,
				ThirdParty/RxSwift/USAGE.md,
			);
			target = F6F3B9CD2DEF095800FA2815 /* FitMate */;
		};
/* End PBXFileSystemSynchronizedBuildFileExceptionSet section */

/* Begin PBXFileSystemSynchronizedGroupBuildPhaseMembershipExceptionSet section */
		F6DABE9A2DF052B500FBEBC7 /* Exceptions for "FitMate" folder in "Compile Sources" phase from "FitMate" target */ = {
			isa = PBXFileSystemSynchronizedGroupBuildPhaseMembershipExceptionSet;
			buildPhase = F6F3B9CA2DEF095800FA2815 /* Sources */;
			membershipExceptions = (
				ThirdParty/RxSwift/USAGE.md,
			);
		};
/* End PBXFileSystemSynchronizedGroupBuildPhaseMembershipExceptionSet section */

/* Begin PBXFileSystemSynchronizedRootGroup section */
		F6F3B9D02DEF095800FA2815 /* FitMate */ = {
			isa = PBXFileSystemSynchronizedRootGroup;
			exceptions = (
				F6F3B9E02DEF095A00FA2815 /* Exceptions for "FitMate" folder in "FitMate" target */,
				F6DABE9A2DF052B500FBEBC7 /* Exceptions for "FitMate" folder in "Compile Sources" phase from "FitMate" target */,
			);
			path = FitMate;
			sourceTree = "<group>";
		};
/* End PBXFileSystemSynchronizedRootGroup section */

/* Begin PBXFrameworksBuildPhase section */
		F6F3B9CB2DEF095800FA2815 /* Frameworks */ = {
			isa = PBXFrameworksBuildPhase;
			buildActionMask = 2147483647;
			files = (
				0D42889F2DFEF8FD006EB25C /* KakaoSDKAuth in Frameworks */,
				F6DABEA72DF08E2500FBEBC7 /* RxSwift in Frameworks */,
				ED6AD6B82DF1AA9A004E23D4 /* FirebaseAuth in Frameworks */,
				F6DAC1F02DF17CF800FBEBC7 /* SnapKit in Frameworks */,
				F6DABEA52DF08E2500FBEBC7 /* RxRelay in Frameworks */,
				ED6AD6BA2DF1AA9A004E23D4 /* FirebaseCore in Frameworks */,
				0D42889D2DFEF8FD006EB25C /* KakaoSDK in Frameworks */,
				EDDA5CCB2DFB189E005D0F91 /* GoogleSignIn in Frameworks */,
				0D4288A32DFEF8FD006EB25C /* KakaoSDKUser in Frameworks */,
				0D4288A12DFEF8FD006EB25C /* KakaoSDKCommon in Frameworks */,
				ED11842E2DFECC3500ECC6DD /* Lottie in Frameworks */,
				EDC669B42DF9A27600E5BE4C /* RxCoreLocation in Frameworks */,
				ED6AD6BC2DF1AA9A004E23D4 /* FirebaseFirestore in Frameworks */,
				ED6AD6B62DF1AA9A004E23D4 /* FirebaseAnalytics in Frameworks */,
				F6DABEA32DF08E2500FBEBC7 /* RxCocoa in Frameworks */,
			);
			runOnlyForDeploymentPostprocessing = 0;
		};
/* End PBXFrameworksBuildPhase section */

/* Begin PBXGroup section */
		EDDA5CDC2DFB23C7005D0F91 /* Frameworks */ = {
			isa = PBXGroup;
			children = (
			);
			name = Frameworks;
			sourceTree = "<group>";
		};
		F6F3B9C52DEF095800FA2815 = {
			isa = PBXGroup;
			children = (
				F6F3B9D02DEF095800FA2815 /* FitMate */,
				EDDA5CDC2DFB23C7005D0F91 /* Frameworks */,
				F6F3B9CF2DEF095800FA2815 /* Products */,
			);
			sourceTree = "<group>";
		};
		F6F3B9CF2DEF095800FA2815 /* Products */ = {
			isa = PBXGroup;
			children = (
				F6F3B9CE2DEF095800FA2815 /* FitMate.app */,
			);
			name = Products;
			sourceTree = "<group>";
		};
/* End PBXGroup section */

/* Begin PBXNativeTarget section */
		F6F3B9CD2DEF095800FA2815 /* FitMate */ = {
			isa = PBXNativeTarget;
			buildConfigurationList = F6F3B9E12DEF095A00FA2815 /* Build configuration list for PBXNativeTarget "FitMate" */;
			buildPhases = (
				F6F3B9CA2DEF095800FA2815 /* Sources */,
				F6F3B9CB2DEF095800FA2815 /* Frameworks */,
				F6F3B9CC2DEF095800FA2815 /* Resources */,
			);
			buildRules = (
			);
			dependencies = (
			);
			fileSystemSynchronizedGroups = (
				F6F3B9D02DEF095800FA2815 /* FitMate */,
			);
			name = FitMate;
			packageProductDependencies = (
				F6DABEA22DF08E2500FBEBC7 /* RxCocoa */,
				F6DABEA42DF08E2500FBEBC7 /* RxRelay */,
				F6DABEA62DF08E2500FBEBC7 /* RxSwift */,
				F6DAC1EF2DF17CF800FBEBC7 /* SnapKit */,
				ED6AD6B52DF1AA9A004E23D4 /* FirebaseAnalytics */,
				ED6AD6B72DF1AA9A004E23D4 /* FirebaseAuth */,
				ED6AD6B92DF1AA9A004E23D4 /* FirebaseCore */,
				ED6AD6BB2DF1AA9A004E23D4 /* FirebaseFirestore */,
				EDC669B32DF9A27600E5BE4C /* RxCoreLocation */,
				EDDA5CCA2DFB189E005D0F91 /* GoogleSignIn */,
				ED11842D2DFECC3500ECC6DD /* Lottie */,
				0D42889C2DFEF8FD006EB25C /* KakaoSDK */,
				0D42889E2DFEF8FD006EB25C /* KakaoSDKAuth */,
				0D4288A02DFEF8FD006EB25C /* KakaoSDKCommon */,
				0D4288A22DFEF8FD006EB25C /* KakaoSDKUser */,
			);
			productName = FitMate;
			productReference = F6F3B9CE2DEF095800FA2815 /* FitMate.app */;
			productType = "com.apple.product-type.application";
		};
/* End PBXNativeTarget section */

/* Begin PBXProject section */
		F6F3B9C62DEF095800FA2815 /* Project object */ = {
			isa = PBXProject;
			attributes = {
				BuildIndependentTargetsInParallel = 1;
				LastSwiftUpdateCheck = 1620;
				LastUpgradeCheck = 1620;
				TargetAttributes = {
					F6F3B9CD2DEF095800FA2815 = {
						CreatedOnToolsVersion = 16.2;
					};
				};
			};
			buildConfigurationList = F6F3B9C92DEF095800FA2815 /* Build configuration list for PBXProject "FitMate" */;
			developmentRegion = en;
			hasScannedForEncodings = 0;
			knownRegions = (
				en,
				Base,
			);
			mainGroup = F6F3B9C52DEF095800FA2815;
			minimizedProjectReferenceProxies = 1;
			packageReferences = (
				F6DABEA12DF08E2500FBEBC7 /* XCRemoteSwiftPackageReference "RxSwift" */,
				F6DAC1EE2DF17CF800FBEBC7 /* XCRemoteSwiftPackageReference "SnapKit" */,
				ED6AD6B42DF1AA9A004E23D4 /* XCRemoteSwiftPackageReference "firebase-ios-sdk" */,
				EDC669B22DF9A27600E5BE4C /* XCRemoteSwiftPackageReference "RxCoreLocation" */,
				EDDA5CC92DFB189E005D0F91 /* XCRemoteSwiftPackageReference "GoogleSignIn-iOS" */,
				ED11842C2DFECC3500ECC6DD /* XCRemoteSwiftPackageReference "lottie-ios" */,
				0D42889B2DFEF8FD006EB25C /* XCRemoteSwiftPackageReference "kakao-ios-sdk" */,
			);
			preferredProjectObjectVersion = 77;
			productRefGroup = F6F3B9CF2DEF095800FA2815 /* Products */;
			projectDirPath = "";
			projectRoot = "";
			targets = (
				F6F3B9CD2DEF095800FA2815 /* FitMate */,
			);
		};
/* End PBXProject section */

/* Begin PBXResourcesBuildPhase section */
		F6F3B9CC2DEF095800FA2815 /* Resources */ = {
			isa = PBXResourcesBuildPhase;
			buildActionMask = 2147483647;
			files = (
			);
			runOnlyForDeploymentPostprocessing = 0;
		};
/* End PBXResourcesBuildPhase section */

/* Begin PBXSourcesBuildPhase section */
		F6F3B9CA2DEF095800FA2815 /* Sources */ = {
			isa = PBXSourcesBuildPhase;
			buildActionMask = 2147483647;
			files = (
			);
			runOnlyForDeploymentPostprocessing = 0;
		};
/* End PBXSourcesBuildPhase section */

/* Begin XCBuildConfiguration section */
		F6F3B9E22DEF095A00FA2815 /* Debug */ = {
			isa = XCBuildConfiguration;
			buildSettings = {
				ASSETCATALOG_COMPILER_APPICON_NAME = AppIcon;
				ASSETCATALOG_COMPILER_GLOBAL_ACCENT_COLOR_NAME = AccentColor;
				"CODE_SIGN_IDENTITY[sdk=iphoneos*]" = "iPhone Distribution";
				CODE_SIGN_STYLE = Manual;
				CURRENT_PROJECT_VERSION = 1;
				DEVELOPMENT_TEAM = "";
				"DEVELOPMENT_TEAM[sdk=iphoneos*]" = 352FSM3VWQ;
				GENERATE_INFOPLIST_FILE = YES;
				INFOPLIST_FILE = FitMate/Resources/Info.plist;
				INFOPLIST_KEY_NSLocationWhenInUseUsageDescription = "앱 사용 중 위치를 사용합니다";
				INFOPLIST_KEY_UIApplicationSupportsIndirectInputEvents = YES;
				INFOPLIST_KEY_UILaunchStoryboardName = LaunchScreen;
				INFOPLIST_KEY_UISupportedInterfaceOrientations_iPad = "UIInterfaceOrientationPortrait UIInterfaceOrientationPortraitUpsideDown UIInterfaceOrientationLandscapeLeft UIInterfaceOrientationLandscapeRight";
				INFOPLIST_KEY_UISupportedInterfaceOrientations_iPhone = "UIInterfaceOrientationPortrait UIInterfaceOrientationLandscapeLeft UIInterfaceOrientationLandscapeRight";
				IPHONEOS_DEPLOYMENT_TARGET = 16.0;
				LD_RUNPATH_SEARCH_PATHS = (
					"$(inherited)",
					"@executable_path/Frameworks",
				);
				MARKETING_VERSION = 1.0;
				PRODUCT_BUNDLE_IDENTIFIER = com.hansarang.FitMate;
				PRODUCT_NAME = "$(TARGET_NAME)";
				PROVISIONING_PROFILE_SPECIFIER = "";
				"PROVISIONING_PROFILE_SPECIFIER[sdk=iphoneos*]" = Fitmate;
				SWIFT_EMIT_LOC_STRINGS = YES;
				SWIFT_VERSION = 5.0;
				TARGETED_DEVICE_FAMILY = "1,2";
			};
			name = Debug;
		};
		F6F3B9E32DEF095A00FA2815 /* Release */ = {
			isa = XCBuildConfiguration;
			buildSettings = {
				ASSETCATALOG_COMPILER_APPICON_NAME = AppIcon;
				ASSETCATALOG_COMPILER_GLOBAL_ACCENT_COLOR_NAME = AccentColor;
				"CODE_SIGN_IDENTITY[sdk=iphoneos*]" = "iPhone Distribution";
				CODE_SIGN_STYLE = Manual;
				CURRENT_PROJECT_VERSION = 1;
				DEVELOPMENT_TEAM = "";
				"DEVELOPMENT_TEAM[sdk=iphoneos*]" = 352FSM3VWQ;
				GENERATE_INFOPLIST_FILE = YES;
				INFOPLIST_FILE = FitMate/Resources/Info.plist;
				INFOPLIST_KEY_NSLocationWhenInUseUsageDescription = "앱 사용 중 위치를 사용합니다";
				INFOPLIST_KEY_UIApplicationSupportsIndirectInputEvents = YES;
				INFOPLIST_KEY_UILaunchStoryboardName = LaunchScreen;
				INFOPLIST_KEY_UISupportedInterfaceOrientations_iPad = "UIInterfaceOrientationPortrait UIInterfaceOrientationPortraitUpsideDown UIInterfaceOrientationLandscapeLeft UIInterfaceOrientationLandscapeRight";
				INFOPLIST_KEY_UISupportedInterfaceOrientations_iPhone = "UIInterfaceOrientationPortrait UIInterfaceOrientationLandscapeLeft UIInterfaceOrientationLandscapeRight";
				IPHONEOS_DEPLOYMENT_TARGET = 16.0;
				LD_RUNPATH_SEARCH_PATHS = (
					"$(inherited)",
					"@executable_path/Frameworks",
				);
				MARKETING_VERSION = 1.0;
				PRODUCT_BUNDLE_IDENTIFIER = com.hansarang.FitMate;
				PRODUCT_NAME = "$(TARGET_NAME)";
				PROVISIONING_PROFILE_SPECIFIER = "";
				"PROVISIONING_PROFILE_SPECIFIER[sdk=iphoneos*]" = Fitmate;
				SWIFT_EMIT_LOC_STRINGS = YES;
				SWIFT_VERSION = 5.0;
				TARGETED_DEVICE_FAMILY = "1,2";
			};
			name = Release;
		};
		F6F3B9E42DEF095A00FA2815 /* Debug */ = {
			isa = XCBuildConfiguration;
			buildSettings = {
				ALWAYS_SEARCH_USER_PATHS = NO;
				ASSETCATALOG_COMPILER_GENERATE_SWIFT_ASSET_SYMBOL_EXTENSIONS = YES;
				CLANG_ANALYZER_NONNULL = YES;
				CLANG_ANALYZER_NUMBER_OBJECT_CONVERSION = YES_AGGRESSIVE;
				CLANG_CXX_LANGUAGE_STANDARD = "gnu++20";
				CLANG_ENABLE_MODULES = YES;
				CLANG_ENABLE_OBJC_ARC = YES;
				CLANG_ENABLE_OBJC_WEAK = YES;
				CLANG_WARN_BLOCK_CAPTURE_AUTORELEASING = YES;
				CLANG_WARN_BOOL_CONVERSION = YES;
				CLANG_WARN_COMMA = YES;
				CLANG_WARN_CONSTANT_CONVERSION = YES;
				CLANG_WARN_DEPRECATED_OBJC_IMPLEMENTATIONS = YES;
				CLANG_WARN_DIRECT_OBJC_ISA_USAGE = YES_ERROR;
				CLANG_WARN_DOCUMENTATION_COMMENTS = YES;
				CLANG_WARN_EMPTY_BODY = YES;
				CLANG_WARN_ENUM_CONVERSION = YES;
				CLANG_WARN_INFINITE_RECURSION = YES;
				CLANG_WARN_INT_CONVERSION = YES;
				CLANG_WARN_NON_LITERAL_NULL_CONVERSION = YES;
				CLANG_WARN_OBJC_IMPLICIT_RETAIN_SELF = YES;
				CLANG_WARN_OBJC_LITERAL_CONVERSION = YES;
				CLANG_WARN_OBJC_ROOT_CLASS = YES_ERROR;
				CLANG_WARN_QUOTED_INCLUDE_IN_FRAMEWORK_HEADER = YES;
				CLANG_WARN_RANGE_LOOP_ANALYSIS = YES;
				CLANG_WARN_STRICT_PROTOTYPES = YES;
				CLANG_WARN_SUSPICIOUS_MOVE = YES;
				CLANG_WARN_UNGUARDED_AVAILABILITY = YES_AGGRESSIVE;
				CLANG_WARN_UNREACHABLE_CODE = YES;
				CLANG_WARN__DUPLICATE_METHOD_MATCH = YES;
				COPY_PHASE_STRIP = NO;
				DEBUG_INFORMATION_FORMAT = dwarf;
				ENABLE_STRICT_OBJC_MSGSEND = YES;
				ENABLE_TESTABILITY = YES;
				ENABLE_USER_SCRIPT_SANDBOXING = YES;
				GCC_C_LANGUAGE_STANDARD = gnu17;
				GCC_DYNAMIC_NO_PIC = NO;
				GCC_NO_COMMON_BLOCKS = YES;
				GCC_OPTIMIZATION_LEVEL = 0;
				GCC_PREPROCESSOR_DEFINITIONS = (
					"DEBUG=1",
					"$(inherited)",
				);
				GCC_WARN_64_TO_32_BIT_CONVERSION = YES;
				GCC_WARN_ABOUT_RETURN_TYPE = YES_ERROR;
				GCC_WARN_UNDECLARED_SELECTOR = YES;
				GCC_WARN_UNINITIALIZED_AUTOS = YES_AGGRESSIVE;
				GCC_WARN_UNUSED_FUNCTION = YES;
				GCC_WARN_UNUSED_VARIABLE = YES;
				IPHONEOS_DEPLOYMENT_TARGET = 18.2;
				LOCALIZATION_PREFERS_STRING_CATALOGS = YES;
				MTL_ENABLE_DEBUG_INFO = INCLUDE_SOURCE;
				MTL_FAST_MATH = YES;
				ONLY_ACTIVE_ARCH = YES;
				SDKROOT = iphoneos;
				SWIFT_ACTIVE_COMPILATION_CONDITIONS = "DEBUG $(inherited)";
				SWIFT_OPTIMIZATION_LEVEL = "-Onone";
			};
			name = Debug;
		};
		F6F3B9E52DEF095A00FA2815 /* Release */ = {
			isa = XCBuildConfiguration;
			buildSettings = {
				ALWAYS_SEARCH_USER_PATHS = NO;
				ASSETCATALOG_COMPILER_GENERATE_SWIFT_ASSET_SYMBOL_EXTENSIONS = YES;
				CLANG_ANALYZER_NONNULL = YES;
				CLANG_ANALYZER_NUMBER_OBJECT_CONVERSION = YES_AGGRESSIVE;
				CLANG_CXX_LANGUAGE_STANDARD = "gnu++20";
				CLANG_ENABLE_MODULES = YES;
				CLANG_ENABLE_OBJC_ARC = YES;
				CLANG_ENABLE_OBJC_WEAK = YES;
				CLANG_WARN_BLOCK_CAPTURE_AUTORELEASING = YES;
				CLANG_WARN_BOOL_CONVERSION = YES;
				CLANG_WARN_COMMA = YES;
				CLANG_WARN_CONSTANT_CONVERSION = YES;
				CLANG_WARN_DEPRECATED_OBJC_IMPLEMENTATIONS = YES;
				CLANG_WARN_DIRECT_OBJC_ISA_USAGE = YES_ERROR;
				CLANG_WARN_DOCUMENTATION_COMMENTS = YES;
				CLANG_WARN_EMPTY_BODY = YES;
				CLANG_WARN_ENUM_CONVERSION = YES;
				CLANG_WARN_INFINITE_RECURSION = YES;
				CLANG_WARN_INT_CONVERSION = YES;
				CLANG_WARN_NON_LITERAL_NULL_CONVERSION = YES;
				CLANG_WARN_OBJC_IMPLICIT_RETAIN_SELF = YES;
				CLANG_WARN_OBJC_LITERAL_CONVERSION = YES;
				CLANG_WARN_OBJC_ROOT_CLASS = YES_ERROR;
				CLANG_WARN_QUOTED_INCLUDE_IN_FRAMEWORK_HEADER = YES;
				CLANG_WARN_RANGE_LOOP_ANALYSIS = YES;
				CLANG_WARN_STRICT_PROTOTYPES = YES;
				CLANG_WARN_SUSPICIOUS_MOVE = YES;
				CLANG_WARN_UNGUARDED_AVAILABILITY = YES_AGGRESSIVE;
				CLANG_WARN_UNREACHABLE_CODE = YES;
				CLANG_WARN__DUPLICATE_METHOD_MATCH = YES;
				COPY_PHASE_STRIP = NO;
				DEBUG_INFORMATION_FORMAT = "dwarf-with-dsym";
				ENABLE_NS_ASSERTIONS = NO;
				ENABLE_STRICT_OBJC_MSGSEND = YES;
				ENABLE_USER_SCRIPT_SANDBOXING = YES;
				GCC_C_LANGUAGE_STANDARD = gnu17;
				GCC_NO_COMMON_BLOCKS = YES;
				GCC_WARN_64_TO_32_BIT_CONVERSION = YES;
				GCC_WARN_ABOUT_RETURN_TYPE = YES_ERROR;
				GCC_WARN_UNDECLARED_SELECTOR = YES;
				GCC_WARN_UNINITIALIZED_AUTOS = YES_AGGRESSIVE;
				GCC_WARN_UNUSED_FUNCTION = YES;
				GCC_WARN_UNUSED_VARIABLE = YES;
				IPHONEOS_DEPLOYMENT_TARGET = 18.2;
				LOCALIZATION_PREFERS_STRING_CATALOGS = YES;
				MTL_ENABLE_DEBUG_INFO = NO;
				MTL_FAST_MATH = YES;
				SDKROOT = iphoneos;
				SWIFT_COMPILATION_MODE = wholemodule;
				VALIDATE_PRODUCT = YES;
			};
			name = Release;
		};
/* End XCBuildConfiguration section */

/* Begin XCConfigurationList section */
		F6F3B9C92DEF095800FA2815 /* Build configuration list for PBXProject "FitMate" */ = {
			isa = XCConfigurationList;
			buildConfigurations = (
				F6F3B9E42DEF095A00FA2815 /* Debug */,
				F6F3B9E52DEF095A00FA2815 /* Release */,
			);
			defaultConfigurationIsVisible = 0;
			defaultConfigurationName = Release;
		};
		F6F3B9E12DEF095A00FA2815 /* Build configuration list for PBXNativeTarget "FitMate" */ = {
			isa = XCConfigurationList;
			buildConfigurations = (
				F6F3B9E22DEF095A00FA2815 /* Debug */,
				F6F3B9E32DEF095A00FA2815 /* Release */,
			);
			defaultConfigurationIsVisible = 0;
			defaultConfigurationName = Release;
		};
/* End XCConfigurationList section */

/* Begin XCRemoteSwiftPackageReference section */
		0D42889B2DFEF8FD006EB25C /* XCRemoteSwiftPackageReference "kakao-ios-sdk" */ = {
			isa = XCRemoteSwiftPackageReference;
			repositoryURL = "https://github.com/kakao/kakao-ios-sdk.git";
			requirement = {
				kind = upToNextMajorVersion;
				minimumVersion = 2.24.4;
			};
		};
		ED11842C2DFECC3500ECC6DD /* XCRemoteSwiftPackageReference "lottie-ios" */ = {
			isa = XCRemoteSwiftPackageReference;
			repositoryURL = "https://github.com/airbnb/lottie-ios.git";
			requirement = {
				kind = upToNextMajorVersion;
				minimumVersion = 4.5.2;
			};
		};
		ED6AD6B42DF1AA9A004E23D4 /* XCRemoteSwiftPackageReference "firebase-ios-sdk" */ = {
			isa = XCRemoteSwiftPackageReference;
			repositoryURL = "https://github.com/firebase/firebase-ios-sdk";
			requirement = {
				kind = upToNextMajorVersion;
				minimumVersion = 11.14.0;
			};
		};
		EDC669B22DF9A27600E5BE4C /* XCRemoteSwiftPackageReference "RxCoreLocation" */ = {
			isa = XCRemoteSwiftPackageReference;
			repositoryURL = "https://github.com/RxSwiftCommunity/RxCoreLocation.git";
			requirement = {
				kind = upToNextMajorVersion;
				minimumVersion = 1.5.1;
			};
		};
		EDDA5CC92DFB189E005D0F91 /* XCRemoteSwiftPackageReference "GoogleSignIn-iOS" */ = {
			isa = XCRemoteSwiftPackageReference;
			repositoryURL = "https://github.com/google/GoogleSignIn-iOS";
			requirement = {
				kind = upToNextMajorVersion;
				minimumVersion = 8.0.0;
			};
		};
		F6DABEA12DF08E2500FBEBC7 /* XCRemoteSwiftPackageReference "RxSwift" */ = {
			isa = XCRemoteSwiftPackageReference;
			repositoryURL = "https://github.com/ReactiveX/RxSwift";
			requirement = {
				kind = upToNextMajorVersion;
				minimumVersion = 6.9.0;
			};
		};
		F6DAC1EE2DF17CF800FBEBC7 /* XCRemoteSwiftPackageReference "SnapKit" */ = {
			isa = XCRemoteSwiftPackageReference;
			repositoryURL = "https://github.com/SnapKit/SnapKit.git";
			requirement = {
				kind = upToNextMajorVersion;
				minimumVersion = 5.7.1;
			};
		};
/* End XCRemoteSwiftPackageReference section */

/* Begin XCSwiftPackageProductDependency section */
		0D42889C2DFEF8FD006EB25C /* KakaoSDK */ = {
			isa = XCSwiftPackageProductDependency;
			package = 0D42889B2DFEF8FD006EB25C /* XCRemoteSwiftPackageReference "kakao-ios-sdk" */;
			productName = KakaoSDK;
		};
		0D42889E2DFEF8FD006EB25C /* KakaoSDKAuth */ = {
			isa = XCSwiftPackageProductDependency;
			package = 0D42889B2DFEF8FD006EB25C /* XCRemoteSwiftPackageReference "kakao-ios-sdk" */;
			productName = KakaoSDKAuth;
		};
		0D4288A02DFEF8FD006EB25C /* KakaoSDKCommon */ = {
			isa = XCSwiftPackageProductDependency;
			package = 0D42889B2DFEF8FD006EB25C /* XCRemoteSwiftPackageReference "kakao-ios-sdk" */;
			productName = KakaoSDKCommon;
		};
		0D4288A22DFEF8FD006EB25C /* KakaoSDKUser */ = {
			isa = XCSwiftPackageProductDependency;
			package = 0D42889B2DFEF8FD006EB25C /* XCRemoteSwiftPackageReference "kakao-ios-sdk" */;
			productName = KakaoSDKUser;
		};
		ED11842D2DFECC3500ECC6DD /* Lottie */ = {
			isa = XCSwiftPackageProductDependency;
			package = ED11842C2DFECC3500ECC6DD /* XCRemoteSwiftPackageReference "lottie-ios" */;
			productName = Lottie;
		};
		ED6AD6B52DF1AA9A004E23D4 /* FirebaseAnalytics */ = {
			isa = XCSwiftPackageProductDependency;
			package = ED6AD6B42DF1AA9A004E23D4 /* XCRemoteSwiftPackageReference "firebase-ios-sdk" */;
			productName = FirebaseAnalytics;
		};
		ED6AD6B72DF1AA9A004E23D4 /* FirebaseAuth */ = {
			isa = XCSwiftPackageProductDependency;
			package = ED6AD6B42DF1AA9A004E23D4 /* XCRemoteSwiftPackageReference "firebase-ios-sdk" */;
			productName = FirebaseAuth;
		};
		ED6AD6B92DF1AA9A004E23D4 /* FirebaseCore */ = {
			isa = XCSwiftPackageProductDependency;
			package = ED6AD6B42DF1AA9A004E23D4 /* XCRemoteSwiftPackageReference "firebase-ios-sdk" */;
			productName = FirebaseCore;
		};
		ED6AD6BB2DF1AA9A004E23D4 /* FirebaseFirestore */ = {
			isa = XCSwiftPackageProductDependency;
			package = ED6AD6B42DF1AA9A004E23D4 /* XCRemoteSwiftPackageReference "firebase-ios-sdk" */;
			productName = FirebaseFirestore;
		};
		EDC669B32DF9A27600E5BE4C /* RxCoreLocation */ = {
			isa = XCSwiftPackageProductDependency;
			package = EDC669B22DF9A27600E5BE4C /* XCRemoteSwiftPackageReference "RxCoreLocation" */;
			productName = RxCoreLocation;
		};
		EDDA5CCA2DFB189E005D0F91 /* GoogleSignIn */ = {
			isa = XCSwiftPackageProductDependency;
			package = EDDA5CC92DFB189E005D0F91 /* XCRemoteSwiftPackageReference "GoogleSignIn-iOS" */;
			productName = GoogleSignIn;
		};
		F6DABEA22DF08E2500FBEBC7 /* RxCocoa */ = {
			isa = XCSwiftPackageProductDependency;
			package = F6DABEA12DF08E2500FBEBC7 /* XCRemoteSwiftPackageReference "RxSwift" */;
			productName = RxCocoa;
		};
		F6DABEA42DF08E2500FBEBC7 /* RxRelay */ = {
			isa = XCSwiftPackageProductDependency;
			package = F6DABEA12DF08E2500FBEBC7 /* XCRemoteSwiftPackageReference "RxSwift" */;
			productName = RxRelay;
		};
		F6DABEA62DF08E2500FBEBC7 /* RxSwift */ = {
			isa = XCSwiftPackageProductDependency;
			package = F6DABEA12DF08E2500FBEBC7 /* XCRemoteSwiftPackageReference "RxSwift" */;
			productName = RxSwift;
		};
		F6DAC1EF2DF17CF800FBEBC7 /* SnapKit */ = {
			isa = XCSwiftPackageProductDependency;
			package = F6DAC1EE2DF17CF800FBEBC7 /* XCRemoteSwiftPackageReference "SnapKit" */;
			productName = SnapKit;
		};
/* End XCSwiftPackageProductDependency section */
	};
	rootObject = F6F3B9C62DEF095800FA2815 /* Project object */;
}
